{
  "version": "1",
  "sources": {
    "nixpkgs": {
      "type": "GitHub",
      "fetchType": "tarball",
      "owner": "drakon64",
      "repo": "nixpkgs",
      "branch": "cosmic-ext-extra-sessions",
      "revision": "57b9702a72dafe8a1e0e62c17b2bfcd11aad6972",
      "url": "https://github.com/drakon64/nixpkgs/archive/57b9702a72dafe8a1e0e62c17b2bfcd11aad6972.tar.gz",
      "hash": "sha256-nUngM50Zv4bwXZejdpfS85RoSuU5sBP08mddEHFRPS4="
    }
  }
}
