{
  "version": "1",
  "sources": {
    "nixpkgs": {
      "type": "GitHub",
      "fetchType": "tarball",
      "owner": "NixOS",
      "repo": "nixpkgs",
      "branch": "nixos-25.11",
      "revision": "a320ce8e6e2cc6b4397eef214d202a50a4583829",
      "url": "https://github.com/NixOS/nixpkgs/archive/a320ce8e6e2cc6b4397eef214d202a50a4583829.tar.gz",
      "hash": "sha256-6zddwDs2n+n01l+1TG6PlyokDdXzu/oBmEejcH5L5+A="
    }
  }
}
