{
  "version": "1",
  "sources": {
    "nixpkgs": {
      "type": "GitHub",
      "fetchType": "tarball",
      "owner": "NixOS",
      "repo": "nixpkgs",
      "branch": "nixos-25.11",
      "revision": "1aab89277eb2d87823d5b69bae631a2496cff57a",
      "url": "https://github.com/NixOS/nixpkgs/archive/1aab89277eb2d87823d5b69bae631a2496cff57a.tar.gz",
      "hash": "sha256-H3lC7knbXOBrHI9hITQ7modLuX20mYJVhZORL5ioms0="
    }
  }
}
